
Microsoft Visual Studio Solution File, Format Version 12.00
# Visual Studio Version 16
VisualStudioVersion = 16.0.32510.428
MinimumVisualStudioVersion = 10.0.40219.1
Project("{9A19103F-16F7-4668-BE54-9A1E7A4F7556}") = "DataAccess", "DataAccess\DataAccess.csproj", "{FD83DD83-21A8-4252-BE6E-1839E7358542}"
EndProject
Project("{9A19103F-16F7-4668-BE54-9A1E7A4F7556}") = "Business", "Business\Business.csproj", "{E0378756-0435-4C42-B620-30DC1F7472A4}"
EndProject
Project("{9A19103F-16F7-4668-BE54-9A1E7A4F7556}") = "Entites", "Entites\Entites.csproj", "{CBE83BAF-F90E-4584-921B-189867409B9D}"
EndProject
Project("{9A19103F-16F7-4668-BE54-9A1E7A4F7556}") = "ConsoleUI", "ConsolerUI\ConsoleUI.csproj", "{7A149CD2-4C50-4DBB-BE96-FA4C1A1EC346}"
EndProject
Global
	GlobalSection(SolutionConfigurationPlatforms) = preSolution
		Debug|Any CPU = Debug|Any CPU
		Release|Any CPU = Release|Any CPU
	EndGlobalSection
	GlobalSection(ProjectConfigurationPlatforms) = postSolution
		{FD83DD83-21A8-4252-BE6E-1839E7358542}.Debug|Any CPU.ActiveCfg = Debug|Any CPU
		{FD83DD83-21A8-4252-BE6E-1839E7358542}.Debug|Any CPU.Build.0 = Debug|Any CPU
		{FD83DD83-21A8-4252-BE6E-1839E7358542}.Release|Any CPU.ActiveCfg = Release|Any CPU
		{FD83DD83-21A8-4252-BE6E-1839E7358542}.Release|Any CPU.Build.0 = Release|Any CPU
		{E0378756-0435-4C42-B620-30DC1F7472A4}.Debug|Any CPU.ActiveCfg = Debug|Any CPU
		{E0378756-0435-4C42-B620-30DC1F7472A4}.Debug|Any CPU.Build.0 = Debug|Any CPU
		{E0378756-0435-4C42-B620-30DC1F7472A4}.Release|Any CPU.ActiveCfg = Release|Any CPU
		{E0378756-0435-4C42-B620-30DC1F7472A4}.Release|Any CPU.Build.0 = Release|Any CPU
		{CBE83BAF-F90E-4584-921B-189867409B9D}.Debug|Any CPU.ActiveCfg = Debug|Any CPU
		{CBE83BAF-F90E-4584-921B-189867409B9D}.Debug|Any CPU.Build.0 = Debug|Any CPU
		{CBE83BAF-F90E-4584-921B-189867409B9D}.Release|Any CPU.ActiveCfg = Release|Any CPU
		{CBE83BAF-F90E-4584-921B-189867409B9D}.Release|Any CPU.Build.0 = Release|Any CPU
		{7A149CD2-4C50-4DBB-BE96-FA4C1A1EC346}.Debug|Any CPU.ActiveCfg = Debug|Any CPU
		{7A149CD2-4C50-4DBB-BE96-FA4C1A1EC346}.Debug|Any CPU.Build.0 = Debug|Any CPU
		{7A149CD2-4C50-4DBB-BE96-FA4C1A1EC346}.Release|Any CPU.ActiveCfg = Release|Any CPU
		{7A149CD2-4C50-4DBB-BE96-FA4C1A1EC346}.Release|Any CPU.Build.0 = Release|Any CPU
	EndGlobalSection
	GlobalSection(SolutionProperties) = preSolution
		HideSolutionNode = FALSE
	EndGlobalSection
	GlobalSection(ExtensibilityGlobals) = postSolution
		SolutionGuid = {E4615FD1-39E1-49A0-BF7D-91B1DC96F68B}
	EndGlobalSection
EndGlobal
